{
  "name": "POC-1",
  "version": "1.0.0",
  "lockfileVersion": 2,
  "requires": true,
  "packages": {
    "": {
      "name": "POC-1",
      "version": "1.0.0",
      "dependencies": {
        "crypto-js": "^4.1.1"
      }
    },
    "node_modules/crypto-js": {
      "version": "4.1.1",
      "license": "MIT"
    }
  },
  "dependencies": {
    "crypto-js": {
      "version": "4.1.1"
    }
  }
}
